
Microsoft Visual Studio Solution File, Format Version 12.00
# Visual Studio Version 17
VisualStudioVersion = 17.13.35931.197 d17.13
MinimumVisualStudioVersion = 10.0.40219.1
Project("{FAE04EC0-301F-11D3-BF4B-00C04F79EFBC}") = "CalculatorConsoleApplication", "CalculatorConsoleApplication\CalculatorConsoleApplication.csproj", "{46ECEC19-47D9-48E9-9CDA-45E808E25ECE}"
EndProject
Global
	GlobalSection(SolutionConfigurationPlatforms) = preSolution
		Debug|Any CPU = Debug|Any CPU
		Release|Any CPU = Release|Any CPU
	EndGlobalSection
	GlobalSection(ProjectConfigurationPlatforms) = postSolution
		{46ECEC19-47D9-48E9-9CDA-45E808E25ECE}.Debug|Any CPU.ActiveCfg = Debug|Any CPU
		{46ECEC19-47D9-48E9-9CDA-45E808E25ECE}.Debug|Any CPU.Build.0 = Debug|Any CPU
		{46ECEC19-47D9-48E9-9CDA-45E808E25ECE}.Release|Any CPU.ActiveCfg = Release|Any CPU
		{46ECEC19-47D9-48E9-9CDA-45E808E25ECE}.Release|Any CPU.Build.0 = Release|Any CPU
	EndGlobalSection
	GlobalSection(SolutionProperties) = preSolution
		HideSolutionNode = FALSE
	EndGlobalSection
	GlobalSection(ExtensibilityGlobals) = postSolution
		SolutionGuid = {663D093F-E8A1-4772-BFF3-9DD079C8DA91}
	EndGlobalSection
EndGlobal
